
Microsoft Visual Studio Solution File, Format Version 12.00
# Visual Studio Version 16
VisualStudioVersion = 16.0.30804.86
MinimumVisualStudioVersion = 10.0.40219.1
Project("{8BC9CEB8-8B4A-11D0-8D11-00A0C91BC942}") = "TestSwapData", "MoocClassDemo\MoocClassDemo.vcxproj", "{7AAA4E91-23D5-4621-92CD-B33FC85E7FBB}"
EndProject
Project("{8BC9CEB8-8B4A-11D0-8D11-00A0C91BC942}") = "TestInputOutput", "Demo2\Demo2.vcxproj", "{E34AA8F5-D308-4DC7-9CFF-A5E3B15847FB}"
EndProject
Project("{2150E333-8FDC-42A3-9474-1A3956D46DE8}") = "unit01", "unit01", "{19AC7E61-50DA-4F31-A565-7010033F7165}"
EndProject
Project("{8BC9CEB8-8B4A-11D0-8D11-00A0C91BC942}") = "TestReferenceVariable", "TestReferenceVariable\TestReferenceVariable.vcxproj", "{D154D70D-1826-4836-B8FC-D018A9248B68}"
EndProject
Project("{8BC9CEB8-8B4A-11D0-8D11-00A0C91BC942}") = "TestNewDelete", "TestNewDelete\TestNewDelete.vcxproj", "{2F30B5A4-539C-42E9-B919-5F9679F1D341}"
EndProject
Project("{8BC9CEB8-8B4A-11D0-8D11-00A0C91BC942}") = "TestDataType", "TestDataType\TestDataType.vcxproj", "{819FC761-163D-4C08-8FD9-EA10ABC437E0}"
EndProject
Project("{8BC9CEB8-8B4A-11D0-8D11-00A0C91BC942}") = "TestAuto", "TestAuto\TestAuto.vcxproj", "{6EDF390E-6137-4464-A4C7-9A2A90BF0DF8}"
EndProject
Project("{8BC9CEB8-8B4A-11D0-8D11-00A0C91BC942}") = "TestConstantPointer", "TestConstantPointer\TestConstantPointer.vcxproj", "{5F763D17-C8F4-4827-8C0E-C868B72E6CC1}"
EndProject
Project("{8BC9CEB8-8B4A-11D0-8D11-00A0C91BC942}") = "TestSpecialFunction", "TestSpecialFunction\TestSpecialFunction.vcxproj", "{084309CB-5FD9-4263-8B1C-B2F0D033B9DC}"
EndProject
Project("{8BC9CEB8-8B4A-11D0-8D11-00A0C91BC942}") = "IfWithInitializer", "IfWithInitializer\IfWithInitializer.vcxproj", "{543A42CA-EFE4-4048-B0EB-857EE6530715}"
EndProject
Project("{8BC9CEB8-8B4A-11D0-8D11-00A0C91BC942}") = "SwitchWithInitializer", "SwitchWithInitializer\SwitchWithInitializer.vcxproj", "{DC97AFCF-0B85-42E5-A905-BCB7160D4EA1}"
EndProject
Project("{2150E333-8FDC-42A3-9474-1A3956D46DE8}") = "unit04", "unit04", "{2C21133F-D48D-47A9-AB27-400168DE7B4E}"
EndProject
Project("{8BC9CEB8-8B4A-11D0-8D11-00A0C91BC942}") = "TestCircle", "TestCircle\TestCircle.vcxproj", "{1BB3288B-4942-4C88-B2FF-45AD80990134}"
EndProject
Project("{8BC9CEB8-8B4A-11D0-8D11-00A0C91BC942}") = "TestObjectCopy", "TestObjectCopy\TestObjectCopy.vcxproj", "{2528DB3C-A1A2-4558-977D-D113982A78DD}"
EndProject
Project("{8BC9CEB8-8B4A-11D0-8D11-00A0C91BC942}") = "TestAnonymousObject", "TestAnonymousObject\TestAnonymousObject.vcxproj", "{F43151B0-99A0-4CB2-B33B-93382285CEE1}"
EndProject
Project("{8BC9CEB8-8B4A-11D0-8D11-00A0C91BC942}") = "Circle", "Circle\Circle.vcxproj", "{BB3AAA36-AE9E-4E17-9181-773600CC40C8}"
EndProject
Project("{8BC9CEB8-8B4A-11D0-8D11-00A0C91BC942}") = "TestObjectPointer", "TestObjectPointer\TestObjectPointer.vcxproj", "{F44FD683-9048-42F3-938F-2E87C6A903D3}"
EndProject
Project("{8BC9CEB8-8B4A-11D0-8D11-00A0C91BC942}") = "TotalArea", "TotalArea\TotalArea.vcxproj", "{1337AF68-89B8-4EA4-9B71-A5487EF33F06}"
EndProject
Project("{8BC9CEB8-8B4A-11D0-8D11-00A0C91BC942}") = "ObjectArgument", "ObjectArgument\ObjectArgument.vcxproj", "{9C71F67A-D724-492F-9173-CC847CE6EE99}"
EndProject
Project("{8BC9CEB8-8B4A-11D0-8D11-00A0C91BC942}") = "ObjectReturnValue", "ObjectReturnValue\ObjectReturnValue.vcxproj", "{1D2CE4A0-0571-4777-883A-0DC2AC373FD7}"
EndProject
Project("{8BC9CEB8-8B4A-11D0-8D11-00A0C91BC942}") = "InClassInitializer", "InClassInitializer\InClassInitializer.vcxproj", "{9F9B72CC-15E9-4A42-9877-572D6694F31B}"
EndProject
Project("{8BC9CEB8-8B4A-11D0-8D11-00A0C91BC942}") = "DefaultConstructor", "DefaultConstructor\DefaultConstructor.vcxproj", "{8220B9A5-D08B-47DB-B9DB-EBD262E92511}"
EndProject
Project("{8BC9CEB8-8B4A-11D0-8D11-00A0C91BC942}") = "TestString", "TestString\TestString.vcxproj", "{AE953C98-57F4-4BA2-98A1-F6CFE64FD311}"
EndProject
Project("{8BC9CEB8-8B4A-11D0-8D11-00A0C91BC942}") = "TestArray", "TestArray\TestArray.vcxproj", "{239858D9-59BE-4F87-BDD0-557F57FAA122}"
EndProject
Project("{8BC9CEB8-8B4A-11D0-8D11-00A0C91BC942}") = "Constexpr", "Constexpr\Constexpr.vcxproj", "{A1DDC1D0-44AB-41B6-B1B0-3AD5EA19F96F}"
EndProject
Project("{2150E333-8FDC-42A3-9474-1A3956D46DE8}") = "unit05", "unit05", "{7F25D000-B4BC-473C-A04D-71F216889452}"
EndProject
Project("{8BC9CEB8-8B4A-11D0-8D11-00A0C91BC942}") = "ImmutableObject", "ImmutableObject\ImmutableObject.vcxproj", "{79EDCC9A-1A15-4431-A2A2-A34694ED05EF}"
EndProject
Project("{8BC9CEB8-8B4A-11D0-8D11-00A0C91BC942}") = "StaticMembers", "StaticMembers\StaticMembers.vcxproj", "{5893A001-E28C-40F2-A7C0-1FFC61ED4528}"
EndProject
Project("{8BC9CEB8-8B4A-11D0-8D11-00A0C91BC942}") = "Destructor", "Destructor\Destructor.vcxproj", "{A7BAAC86-E0FE-4167-BE0A-2E15C008C13A}"
EndProject
Project("{8BC9CEB8-8B4A-11D0-8D11-00A0C91BC942}") = "CopyCtor", "CopyCtor\CopyCtor.vcxproj", "{08737E7D-0D14-4342-8172-8082FC94BADF}"
EndProject
Project("{8BC9CEB8-8B4A-11D0-8D11-00A0C91BC942}") = "DeepCopy", "DeepCopy\DeepCopy.vcxproj", "{ABC393E6-6708-4E0E-A7E8-0926963F8970}"
EndProject
Project("{8BC9CEB8-8B4A-11D0-8D11-00A0C91BC942}") = "TestVector", "TestVector\TestVector.vcxproj", "{4E1C907C-7DCD-492D-A787-FF721510449A}"
EndProject
Project("{8BC9CEB8-8B4A-11D0-8D11-00A0C91BC942}") = "StackOfIntegers", "StackOfIntegers\StackOfIntegers.vcxproj", "{1F1C1FA2-D91B-4184-B036-FD5A88C3B96C}"
EndProject
Project("{8BC9CEB8-8B4A-11D0-8D11-00A0C91BC942}") = "StructuredBinding1", "StructuredBinding1\StructuredBinding1.vcxproj", "{B6C7196C-FA85-4C9C-A8F5-CBD76ED6B18E}"
EndProject
Project("{8BC9CEB8-8B4A-11D0-8D11-00A0C91BC942}") = "StructureBinding2", "StructureBinding2\StructureBinding2.vcxproj", "{5B38F789-7ABF-4BBA-A41A-A4867F130005}"
EndProject
Project("{2150E333-8FDC-42A3-9474-1A3956D46DE8}") = "unit06", "unit06", "{D085D7B0-E131-4B8F-BA76-1A36DA20BB1B}"
EndProject
Project("{8BC9CEB8-8B4A-11D0-8D11-00A0C91BC942}") = "Inheritance", "Inheritance\Inheritance.vcxproj", "{2422C6A0-70D6-4094-AFC4-55E681DC025E}"
EndProject
Project("{2150E333-8FDC-42A3-9474-1A3956D46DE8}") = "techInterview", "techInterview", "{9D2FA857-CBF6-4F38-A3E1-6D4E1633C636}"
EndProject
Project("{8BC9CEB8-8B4A-11D0-8D11-00A0C91BC942}") = "test01", "test01\test01.vcxproj", "{A98EB8C6-CD21-4B92-89FE-214F85D3BEFC}"
EndProject
Project("{8BC9CEB8-8B4A-11D0-8D11-00A0C91BC942}") = "BaseClassCtor", "BaseClassCtor\BaseClassCtor.vcxproj", "{B9F74AC7-38B6-405D-A867-0D6F93E09FC6}"
EndProject
Project("{8BC9CEB8-8B4A-11D0-8D11-00A0C91BC942}") = "DefaultBaseClassCtor", "DefaultBaseClassCtor\DefaultBaseClassCtor.vcxproj", "{7D63F4C4-278E-473B-B875-53D220081C9F}"
EndProject
Project("{8BC9CEB8-8B4A-11D0-8D11-00A0C91BC942}") = "CtorChain", "CtorChain\CtorChain.vcxproj", "{1587DBB0-782E-476B-8BBB-2D9B8CCF4C6F}"
EndProject
Project("{8BC9CEB8-8B4A-11D0-8D11-00A0C91BC942}") = "RedefineFunctions", "RedefineFunctions\RedefineFunctions.vcxproj", "{EE5E296C-9488-4FDE-A9DA-1F65F1A32BB8}"
EndProject
Project("{8BC9CEB8-8B4A-11D0-8D11-00A0C91BC942}") = "Polymorphism", "Polymorphism\Polymorphism.vcxproj", "{8C1651BC-AE5E-463A-8019-DA4DD1D76751}"
EndProject
Project("{8BC9CEB8-8B4A-11D0-8D11-00A0C91BC942}") = "Accessibility", "Accessibility\Accessibility.vcxproj", "{94AD967B-91D5-463A-8DFD-9E4B9DD35696}"
EndProject
Project("{8BC9CEB8-8B4A-11D0-8D11-00A0C91BC942}") = "AbstractClass", "AbstractClass\AbstractClass.vcxproj", "{83B8743B-53E8-4145-8A0A-1601945FEB7A}"
EndProject
Project("{2150E333-8FDC-42A3-9474-1A3956D46DE8}") = "unit07", "unit07", "{29EDBF1D-333C-4D6D-A32B-0D91E5688B05}"
EndProject
Project("{8BC9CEB8-8B4A-11D0-8D11-00A0C91BC942}") = "CheckPath", "CheckPath\CheckPath.vcxproj", "{7687B63E-6882-4B16-8587-68A9AFB3647C}"
EndProject
Project("{8BC9CEB8-8B4A-11D0-8D11-00A0C91BC942}") = "PathQuery", "PathQuery\PathQuery.vcxproj", "{E9FCC65E-43DF-41F1-B0ED-0EBD8176FDAF}"
EndProject
Project("{8BC9CEB8-8B4A-11D0-8D11-00A0C91BC942}") = "PathOperators", "PathOperators\PathOperators.vcxproj", "{877CF8E3-883B-4044-9129-E004463E1997}"
EndProject
Project("{8BC9CEB8-8B4A-11D0-8D11-00A0C91BC942}") = "PathSpace", "PathSpace\PathSpace.vcxproj", "{CB05859D-0D1C-4AE8-8E29-4B1319D54C15}"
EndProject
Project("{8BC9CEB8-8B4A-11D0-8D11-00A0C91BC942}") = "BufferedIO", "BufferedIO\BufferedIO.vcxproj", "{A4D49868-9882-4386-BADB-478C3061A9F6}"
EndProject
Project("{8BC9CEB8-8B4A-11D0-8D11-00A0C91BC942}") = "FileOutput", "FileOutput\FileOutput.vcxproj", "{F49540FA-3CE3-4BF7-A9B1-15DE3B5E27B7}"
EndProject
Project("{8BC9CEB8-8B4A-11D0-8D11-00A0C91BC942}") = "FileInput", "FileInput\FileInput.vcxproj", "{8088914A-27DE-42B0-BD49-D2BC680F2C81}"
EndProject
Project("{8BC9CEB8-8B4A-11D0-8D11-00A0C91BC942}") = "FormatOutput", "FormatOutput\FormatOutput.vcxproj", "{C9636317-E4DA-43AF-AEFD-A39B2BF7691F}"
EndProject
Project("{8BC9CEB8-8B4A-11D0-8D11-00A0C91BC942}") = "GetlineDemo", "GetlineDemo\GetlineDemo.vcxproj", "{CEED58EF-7A9E-44C2-959B-CF5C8A35B7DD}"
EndProject
Project("{8BC9CEB8-8B4A-11D0-8D11-00A0C91BC942}") = "FileOpenMode", "FileOpenMode\FileOpenMode.vcxproj", "{BE8DA307-3B2C-43D2-BC2A-8BDD711ADDF0}"
EndProject
Project("{8BC9CEB8-8B4A-11D0-8D11-00A0C91BC942}") = "BinaryIO", "BinaryIO\BinaryIO.vcxproj", "{96A86BC9-6A15-4721-894E-B065EBFEACAD}"
EndProject
Project("{8BC9CEB8-8B4A-11D0-8D11-00A0C91BC942}") = "RandomAccess", "RandomAccess\RandomAccess.vcxproj", "{B0FB3D81-7427-46CC-BD96-628CFE3A8542}"
EndProject
Project("{2150E333-8FDC-42A3-9474-1A3956D46DE8}") = "unit08", "unit08", "{79A918CE-4FD6-47D1-AE72-401A37905E19}"
EndProject
Project("{8BC9CEB8-8B4A-11D0-8D11-00A0C91BC942}") = "Vec2D", "Vec2D\Vec2D.vcxproj", "{248715B5-B971-4AC0-B108-593437CFDFF2}"
EndProject
Project("{8BC9CEB8-8B4A-11D0-8D11-00A0C91BC942}") = "MultiThread", "C++MultiThread\C++MultiThread.vcxproj", "{C5F1DC0B-A77D-46DF-AEE0-AE3E91212796}"
EndProject
Project("{8BC9CEB8-8B4A-11D0-8D11-00A0C91BC942}") = "BinaryTree", "BinaryTree\BinaryTree.vcxproj", "{BFBB1465-7D30-4355-922B-FFE3459B8F3C}"
EndProject
Project("{8BC9CEB8-8B4A-11D0-8D11-00A0C91BC942}") = "QucikSort", "QucikSort\QucikSort.vcxproj", "{3A51AF27-BFFB-4932-A313-73B1CD789E4A}"
EndProject
Project("{8BC9CEB8-8B4A-11D0-8D11-00A0C91BC942}") = "Stack", "Stack\Stack.vcxproj", "{6A558BA0-5212-41F4-875D-5711185FC7B1}"
EndProject
Project("{8BC9CEB8-8B4A-11D0-8D11-00A0C91BC942}") = "Heap", "Heap\Heap.vcxproj", "{E1A787F9-FCD5-4C35-BFA9-8BC2DC4E508B}"
EndProject
Project("{8BC9CEB8-8B4A-11D0-8D11-00A0C91BC942}") = "BubbleSort", "BubbleSort\BubbleSort.vcxproj", "{B561D831-99A5-4334-A8F6-F141FCEA8440}"
EndProject
Project("{8BC9CEB8-8B4A-11D0-8D11-00A0C91BC942}") = "SelectSort", "SelectSort\SelectSort.vcxproj", "{BC49D954-E513-429F-9BF6-45EB99FB9A1D}"
EndProject
Project("{8BC9CEB8-8B4A-11D0-8D11-00A0C91BC942}") = "SildWindowMaxSum", "SlidWindow\SlidWindow.vcxproj", "{6AAE7088-9F88-454E-8542-491097E92D1F}"
EndProject
Project("{8BC9CEB8-8B4A-11D0-8D11-00A0C91BC942}") = "Node", "Node\Node.vcxproj", "{7924468F-DAAC-4121-B407-A9D32C58E751}"
EndProject
Global
	GlobalSection(SolutionConfigurationPlatforms) = preSolution
		Debug|x64 = Debug|x64
		Debug|x86 = Debug|x86
		Release|x64 = Release|x64
		Release|x86 = Release|x86
	EndGlobalSection
	GlobalSection(ProjectConfigurationPlatforms) = postSolution
		{7AAA4E91-23D5-4621-92CD-B33FC85E7FBB}.Debug|x64.ActiveCfg = Debug|x64
		{7AAA4E91-23D5-4621-92CD-B33FC85E7FBB}.Debug|x64.Build.0 = Debug|x64
		{7AAA4E91-23D5-4621-92CD-B33FC85E7FBB}.Debug|x86.ActiveCfg = Debug|Win32
		{7AAA4E91-23D5-4621-92CD-B33FC85E7FBB}.Debug|x86.Build.0 = Debug|Win32
		{7AAA4E91-23D5-4621-92CD-B33FC85E7FBB}.Release|x64.ActiveCfg = Release|x64
		{7AAA4E91-23D5-4621-92CD-B33FC85E7FBB}.Release|x64.Build.0 = Release|x64
		{7AAA4E91-23D5-4621-92CD-B33FC85E7FBB}.Release|x86.ActiveCfg = Release|Win32
		{7AAA4E91-23D5-4621-92CD-B33FC85E7FBB}.Release|x86.Build.0 = Release|Win32
		{E34AA8F5-D308-4DC7-9CFF-A5E3B15847FB}.Debug|x64.ActiveCfg = Debug|x64
		{E34AA8F5-D308-4DC7-9CFF-A5E3B15847FB}.Debug|x64.Build.0 = Debug|x64
		{E34AA8F5-D308-4DC7-9CFF-A5E3B15847FB}.Debug|x86.ActiveCfg = Debug|Win32
		{E34AA8F5-D308-4DC7-9CFF-A5E3B15847FB}.Debug|x86.Build.0 = Debug|Win32
		{E34AA8F5-D308-4DC7-9CFF-A5E3B15847FB}.Release|x64.ActiveCfg = Release|x64
		{E34AA8F5-D308-4DC7-9CFF-A5E3B15847FB}.Release|x64.Build.0 = Release|x64
		{E34AA8F5-D308-4DC7-9CFF-A5E3B15847FB}.Release|x86.ActiveCfg = Release|Win32
		{E34AA8F5-D308-4DC7-9CFF-A5E3B15847FB}.Release|x86.Build.0 = Release|Win32
		{D154D70D-1826-4836-B8FC-D018A9248B68}.Debug|x64.ActiveCfg = Debug|x64
		{D154D70D-1826-4836-B8FC-D018A9248B68}.Debug|x64.Build.0 = Debug|x64
		{D154D70D-1826-4836-B8FC-D018A9248B68}.Debug|x86.ActiveCfg = Debug|Win32
		{D154D70D-1826-4836-B8FC-D018A9248B68}.Debug|x86.Build.0 = Debug|Win32
		{D154D70D-1826-4836-B8FC-D018A9248B68}.Release|x64.ActiveCfg = Release|x64
		{D154D70D-1826-4836-B8FC-D018A9248B68}.Release|x64.Build.0 = Release|x64
		{D154D70D-1826-4836-B8FC-D018A9248B68}.Release|x86.ActiveCfg = Release|Win32
		{D154D70D-1826-4836-B8FC-D018A9248B68}.Release|x86.Build.0 = Release|Win32
		{2F30B5A4-539C-42E9-B919-5F9679F1D341}.Debug|x64.ActiveCfg = Debug|x64
		{2F30B5A4-539C-42E9-B919-5F9679F1D341}.Debug|x64.Build.0 = Debug|x64
		{2F30B5A4-539C-42E9-B919-5F9679F1D341}.Debug|x86.ActiveCfg = Debug|Win32
		{2F30B5A4-539C-42E9-B919-5F9679F1D341}.Debug|x86.Build.0 = Debug|Win32
		{2F30B5A4-539C-42E9-B919-5F9679F1D341}.Release|x64.ActiveCfg = Release|x64
		{2F30B5A4-539C-42E9-B919-5F9679F1D341}.Release|x64.Build.0 = Release|x64
		{2F30B5A4-539C-42E9-B919-5F9679F1D341}.Release|x86.ActiveCfg = Release|Win32
		{2F30B5A4-539C-42E9-B919-5F9679F1D341}.Release|x86.Build.0 = Release|Win32
		{819FC761-163D-4C08-8FD9-EA10ABC437E0}.Debug|x64.ActiveCfg = Debug|x64
		{819FC761-163D-4C08-8FD9-EA10ABC437E0}.Debug|x64.Build.0 = Debug|x64
		{819FC761-163D-4C08-8FD9-EA10ABC437E0}.Debug|x86.ActiveCfg = Debug|Win32
		{819FC761-163D-4C08-8FD9-EA10ABC437E0}.Debug|x86.Build.0 = Debug|Win32
		{819FC761-163D-4C08-8FD9-EA10ABC437E0}.Release|x64.ActiveCfg = Release|x64
		{819FC761-163D-4C08-8FD9-EA10ABC437E0}.Release|x64.Build.0 = Release|x64
		{819FC761-163D-4C08-8FD9-EA10ABC437E0}.Release|x86.ActiveCfg = Release|Win32
		{819FC761-163D-4C08-8FD9-EA10ABC437E0}.Release|x86.Build.0 = Release|Win32
		{6EDF390E-6137-4464-A4C7-9A2A90BF0DF8}.Debug|x64.ActiveCfg = Debug|x64
		{6EDF390E-6137-4464-A4C7-9A2A90BF0DF8}.Debug|x64.Build.0 = Debug|x64
		{6EDF390E-6137-4464-A4C7-9A2A90BF0DF8}.Debug|x86.ActiveCfg = Debug|Win32
		{6EDF390E-6137-4464-A4C7-9A2A90BF0DF8}.Debug|x86.Build.0 = Debug|Win32
		{6EDF390E-6137-4464-A4C7-9A2A90BF0DF8}.Release|x64.ActiveCfg = Release|x64
		{6EDF390E-6137-4464-A4C7-9A2A90BF0DF8}.Release|x64.Build.0 = Release|x64
		{6EDF390E-6137-4464-A4C7-9A2A90BF0DF8}.Release|x86.ActiveCfg = Release|Win32
		{6EDF390E-6137-4464-A4C7-9A2A90BF0DF8}.Release|x86.Build.0 = Release|Win32
		{5F763D17-C8F4-4827-8C0E-C868B72E6CC1}.Debug|x64.ActiveCfg = Debug|x64
		{5F763D17-C8F4-4827-8C0E-C868B72E6CC1}.Debug|x64.Build.0 = Debug|x64
		{5F763D17-C8F4-4827-8C0E-C868B72E6CC1}.Debug|x86.ActiveCfg = Debug|Win32
		{5F763D17-C8F4-4827-8C0E-C868B72E6CC1}.Debug|x86.Build.0 = Debug|Win32
		{5F763D17-C8F4-4827-8C0E-C868B72E6CC1}.Release|x64.ActiveCfg = Release|x64
		{5F763D17-C8F4-4827-8C0E-C868B72E6CC1}.Release|x64.Build.0 = Release|x64
		{5F763D17-C8F4-4827-8C0E-C868B72E6CC1}.Release|x86.ActiveCfg = Release|Win32
		{5F763D17-C8F4-4827-8C0E-C868B72E6CC1}.Release|x86.Build.0 = Release|Win32
		{084309CB-5FD9-4263-8B1C-B2F0D033B9DC}.Debug|x64.ActiveCfg = Debug|x64
		{084309CB-5FD9-4263-8B1C-B2F0D033B9DC}.Debug|x64.Build.0 = Debug|x64
		{084309CB-5FD9-4263-8B1C-B2F0D033B9DC}.Debug|x86.ActiveCfg = Debug|Win32
		{084309CB-5FD9-4263-8B1C-B2F0D033B9DC}.Debug|x86.Build.0 = Debug|Win32
		{084309CB-5FD9-4263-8B1C-B2F0D033B9DC}.Release|x64.ActiveCfg = Release|x64
		{084309CB-5FD9-4263-8B1C-B2F0D033B9DC}.Release|x64.Build.0 = Release|x64
		{084309CB-5FD9-4263-8B1C-B2F0D033B9DC}.Release|x86.ActiveCfg = Release|Win32
		{084309CB-5FD9-4263-8B1C-B2F0D033B9DC}.Release|x86.Build.0 = Release|Win32
		{543A42CA-EFE4-4048-B0EB-857EE6530715}.Debug|x64.ActiveCfg = Debug|x64
		{543A42CA-EFE4-4048-B0EB-857EE6530715}.Debug|x64.Build.0 = Debug|x64
		{543A42CA-EFE4-4048-B0EB-857EE6530715}.Debug|x86.ActiveCfg = Debug|Win32
		{543A42CA-EFE4-4048-B0EB-857EE6530715}.Debug|x86.Build.0 = Debug|Win32
		{543A42CA-EFE4-4048-B0EB-857EE6530715}.Release|x64.ActiveCfg = Release|x64
		{543A42CA-EFE4-4048-B0EB-857EE6530715}.Release|x64.Build.0 = Release|x64
		{543A42CA-EFE4-4048-B0EB-857EE6530715}.Release|x86.ActiveCfg = Release|Win32
		{543A42CA-EFE4-4048-B0EB-857EE6530715}.Release|x86.Build.0 = Release|Win32
		{DC97AFCF-0B85-42E5-A905-BCB7160D4EA1}.Debug|x64.ActiveCfg = Debug|x64
		{DC97AFCF-0B85-42E5-A905-BCB7160D4EA1}.Debug|x64.Build.0 = Debug|x64
		{DC97AFCF-0B85-42E5-A905-BCB7160D4EA1}.Debug|x86.ActiveCfg = Debug|Win32
		{DC97AFCF-0B85-42E5-A905-BCB7160D4EA1}.Debug|x86.Build.0 = Debug|Win32
		{DC97AFCF-0B85-42E5-A905-BCB7160D4EA1}.Release|x64.ActiveCfg = Release|x64
		{DC97AFCF-0B85-42E5-A905-BCB7160D4EA1}.Release|x64.Build.0 = Release|x64
		{DC97AFCF-0B85-42E5-A905-BCB7160D4EA1}.Release|x86.ActiveCfg = Release|Win32
		{DC97AFCF-0B85-42E5-A905-BCB7160D4EA1}.Release|x86.Build.0 = Release|Win32
		{1BB3288B-4942-4C88-B2FF-45AD80990134}.Debug|x64.ActiveCfg = Debug|x64
		{1BB3288B-4942-4C88-B2FF-45AD80990134}.Debug|x64.Build.0 = Debug|x64
		{1BB3288B-4942-4C88-B2FF-45AD80990134}.Debug|x86.ActiveCfg = Debug|Win32
		{1BB3288B-4942-4C88-B2FF-45AD80990134}.Debug|x86.Build.0 = Debug|Win32
		{1BB3288B-4942-4C88-B2FF-45AD80990134}.Release|x64.ActiveCfg = Release|x64
		{1BB3288B-4942-4C88-B2FF-45AD80990134}.Release|x64.Build.0 = Release|x64
		{1BB3288B-4942-4C88-B2FF-45AD80990134}.Release|x86.ActiveCfg = Release|Win32
		{1BB3288B-4942-4C88-B2FF-45AD80990134}.Release|x86.Build.0 = Release|Win32
		{2528DB3C-A1A2-4558-977D-D113982A78DD}.Debug|x64.ActiveCfg = Debug|x64
		{2528DB3C-A1A2-4558-977D-D113982A78DD}.Debug|x64.Build.0 = Debug|x64
		{2528DB3C-A1A2-4558-977D-D113982A78DD}.Debug|x86.ActiveCfg = Debug|Win32
		{2528DB3C-A1A2-4558-977D-D113982A78DD}.Debug|x86.Build.0 = Debug|Win32
		{2528DB3C-A1A2-4558-977D-D113982A78DD}.Release|x64.ActiveCfg = Release|x64
		{2528DB3C-A1A2-4558-977D-D113982A78DD}.Release|x64.Build.0 = Release|x64
		{2528DB3C-A1A2-4558-977D-D113982A78DD}.Release|x86.ActiveCfg = Release|Win32
		{2528DB3C-A1A2-4558-977D-D113982A78DD}.Release|x86.Build.0 = Release|Win32
		{F43151B0-99A0-4CB2-B33B-93382285CEE1}.Debug|x64.ActiveCfg = Debug|x64
		{F43151B0-99A0-4CB2-B33B-93382285CEE1}.Debug|x64.Build.0 = Debug|x64
		{F43151B0-99A0-4CB2-B33B-93382285CEE1}.Debug|x86.ActiveCfg = Debug|Win32
		{F43151B0-99A0-4CB2-B33B-93382285CEE1}.Debug|x86.Build.0 = Debug|Win32
		{F43151B0-99A0-4CB2-B33B-93382285CEE1}.Release|x64.ActiveCfg = Release|x64
		{F43151B0-99A0-4CB2-B33B-93382285CEE1}.Release|x64.Build.0 = Release|x64
		{F43151B0-99A0-4CB2-B33B-93382285CEE1}.Release|x86.ActiveCfg = Release|Win32
		{F43151B0-99A0-4CB2-B33B-93382285CEE1}.Release|x86.Build.0 = Release|Win32
		{BB3AAA36-AE9E-4E17-9181-773600CC40C8}.Debug|x64.ActiveCfg = Debug|x64
		{BB3AAA36-AE9E-4E17-9181-773600CC40C8}.Debug|x64.Build.0 = Debug|x64
		{BB3AAA36-AE9E-4E17-9181-773600CC40C8}.Debug|x86.ActiveCfg = Debug|Win32
		{BB3AAA36-AE9E-4E17-9181-773600CC40C8}.Debug|x86.Build.0 = Debug|Win32
		{BB3AAA36-AE9E-4E17-9181-773600CC40C8}.Release|x64.ActiveCfg = Release|x64
		{BB3AAA36-AE9E-4E17-9181-773600CC40C8}.Release|x64.Build.0 = Release|x64
		{BB3AAA36-AE9E-4E17-9181-773600CC40C8}.Release|x86.ActiveCfg = Release|Win32
		{BB3AAA36-AE9E-4E17-9181-773600CC40C8}.Release|x86.Build.0 = Release|Win32
		{F44FD683-9048-42F3-938F-2E87C6A903D3}.Debug|x64.ActiveCfg = Debug|x64
		{F44FD683-9048-42F3-938F-2E87C6A903D3}.Debug|x64.Build.0 = Debug|x64
		{F44FD683-9048-42F3-938F-2E87C6A903D3}.Debug|x86.ActiveCfg = Debug|Win32
		{F44FD683-9048-42F3-938F-2E87C6A903D3}.Debug|x86.Build.0 = Debug|Win32
		{F44FD683-9048-42F3-938F-2E87C6A903D3}.Release|x64.ActiveCfg = Release|x64
		{F44FD683-9048-42F3-938F-2E87C6A903D3}.Release|x64.Build.0 = Release|x64
		{F44FD683-9048-42F3-938F-2E87C6A903D3}.Release|x86.ActiveCfg = Release|Win32
		{F44FD683-9048-42F3-938F-2E87C6A903D3}.Release|x86.Build.0 = Release|Win32
		{1337AF68-89B8-4EA4-9B71-A5487EF33F06}.Debug|x64.ActiveCfg = Debug|x64
		{1337AF68-89B8-4EA4-9B71-A5487EF33F06}.Debug|x64.Build.0 = Debug|x64
		{1337AF68-89B8-4EA4-9B71-A5487EF33F06}.Debug|x86.ActiveCfg = Debug|Win32
		{1337AF68-89B8-4EA4-9B71-A5487EF33F06}.Debug|x86.Build.0 = Debug|Win32
		{1337AF68-89B8-4EA4-9B71-A5487EF33F06}.Release|x64.ActiveCfg = Release|x64
		{1337AF68-89B8-4EA4-9B71-A5487EF33F06}.Release|x64.Build.0 = Release|x64
		{1337AF68-89B8-4EA4-9B71-A5487EF33F06}.Release|x86.ActiveCfg = Release|Win32
		{1337AF68-89B8-4EA4-9B71-A5487EF33F06}.Release|x86.Build.0 = Release|Win32
		{9C71F67A-D724-492F-9173-CC847CE6EE99}.Debug|x64.ActiveCfg = Debug|x64
		{9C71F67A-D724-492F-9173-CC847CE6EE99}.Debug|x64.Build.0 = Debug|x64
		{9C71F67A-D724-492F-9173-CC847CE6EE99}.Debug|x86.ActiveCfg = Debug|Win32
		{9C71F67A-D724-492F-9173-CC847CE6EE99}.Debug|x86.Build.0 = Debug|Win32
		{9C71F67A-D724-492F-9173-CC847CE6EE99}.Release|x64.ActiveCfg = Release|x64
		{9C71F67A-D724-492F-9173-CC847CE6EE99}.Release|x64.Build.0 = Release|x64
		{9C71F67A-D724-492F-9173-CC847CE6EE99}.Release|x86.ActiveCfg = Release|Win32
		{9C71F67A-D724-492F-9173-CC847CE6EE99}.Release|x86.Build.0 = Release|Win32
		{1D2CE4A0-0571-4777-883A-0DC2AC373FD7}.Debug|x64.ActiveCfg = Debug|x64
		{1D2CE4A0-0571-4777-883A-0DC2AC373FD7}.Debug|x64.Build.0 = Debug|x64
		{1D2CE4A0-0571-4777-883A-0DC2AC373FD7}.Debug|x86.ActiveCfg = Debug|Win32
		{1D2CE4A0-0571-4777-883A-0DC2AC373FD7}.Debug|x86.Build.0 = Debug|Win32
		{1D2CE4A0-0571-4777-883A-0DC2AC373FD7}.Release|x64.ActiveCfg = Release|x64
		{1D2CE4A0-0571-4777-883A-0DC2AC373FD7}.Release|x64.Build.0 = Release|x64
		{1D2CE4A0-0571-4777-883A-0DC2AC373FD7}.Release|x86.ActiveCfg = Release|Win32
		{1D2CE4A0-0571-4777-883A-0DC2AC373FD7}.Release|x86.Build.0 = Release|Win32
		{9F9B72CC-15E9-4A42-9877-572D6694F31B}.Debug|x64.ActiveCfg = Debug|x64
		{9F9B72CC-15E9-4A42-9877-572D6694F31B}.Debug|x64.Build.0 = Debug|x64
		{9F9B72CC-15E9-4A42-9877-572D6694F31B}.Debug|x86.ActiveCfg = Debug|Win32
		{9F9B72CC-15E9-4A42-9877-572D6694F31B}.Debug|x86.Build.0 = Debug|Win32
		{9F9B72CC-15E9-4A42-9877-572D6694F31B}.Release|x64.ActiveCfg = Release|x64
		{9F9B72CC-15E9-4A42-9877-572D6694F31B}.Release|x64.Build.0 = Release|x64
		{9F9B72CC-15E9-4A42-9877-572D6694F31B}.Release|x86.ActiveCfg = Release|Win32
		{9F9B72CC-15E9-4A42-9877-572D6694F31B}.Release|x86.Build.0 = Release|Win32
		{8220B9A5-D08B-47DB-B9DB-EBD262E92511}.Debug|x64.ActiveCfg = Debug|x64
		{8220B9A5-D08B-47DB-B9DB-EBD262E92511}.Debug|x64.Build.0 = Debug|x64
		{8220B9A5-D08B-47DB-B9DB-EBD262E92511}.Debug|x86.ActiveCfg = Debug|Win32
		{8220B9A5-D08B-47DB-B9DB-EBD262E92511}.Debug|x86.Build.0 = Debug|Win32
		{8220B9A5-D08B-47DB-B9DB-EBD262E92511}.Release|x64.ActiveCfg = Release|x64
		{8220B9A5-D08B-47DB-B9DB-EBD262E92511}.Release|x64.Build.0 = Release|x64
		{8220B9A5-D08B-47DB-B9DB-EBD262E92511}.Release|x86.ActiveCfg = Release|Win32
		{8220B9A5-D08B-47DB-B9DB-EBD262E92511}.Release|x86.Build.0 = Release|Win32
		{AE953C98-57F4-4BA2-98A1-F6CFE64FD311}.Debug|x64.ActiveCfg = Debug|x64
		{AE953C98-57F4-4BA2-98A1-F6CFE64FD311}.Debug|x64.Build.0 = Debug|x64
		{AE953C98-57F4-4BA2-98A1-F6CFE64FD311}.Debug|x86.ActiveCfg = Debug|Win32
		{AE953C98-57F4-4BA2-98A1-F6CFE64FD311}.Debug|x86.Build.0 = Debug|Win32
		{AE953C98-57F4-4BA2-98A1-F6CFE64FD311}.Release|x64.ActiveCfg = Release|x64
		{AE953C98-57F4-4BA2-98A1-F6CFE64FD311}.Release|x64.Build.0 = Release|x64
		{AE953C98-57F4-4BA2-98A1-F6CFE64FD311}.Release|x86.ActiveCfg = Release|Win32
		{AE953C98-57F4-4BA2-98A1-F6CFE64FD311}.Release|x86.Build.0 = Release|Win32
		{239858D9-59BE-4F87-BDD0-557F57FAA122}.Debug|x64.ActiveCfg = Debug|x64
		{239858D9-59BE-4F87-BDD0-557F57FAA122}.Debug|x64.Build.0 = Debug|x64
		{239858D9-59BE-4F87-BDD0-557F57FAA122}.Debug|x86.ActiveCfg = Debug|Win32
		{239858D9-59BE-4F87-BDD0-557F57FAA122}.Debug|x86.Build.0 = Debug|Win32
		{239858D9-59BE-4F87-BDD0-557F57FAA122}.Release|x64.ActiveCfg = Release|x64
		{239858D9-59BE-4F87-BDD0-557F57FAA122}.Release|x64.Build.0 = Release|x64
		{239858D9-59BE-4F87-BDD0-557F57FAA122}.Release|x86.ActiveCfg = Release|Win32
		{239858D9-59BE-4F87-BDD0-557F57FAA122}.Release|x86.Build.0 = Release|Win32
		{A1DDC1D0-44AB-41B6-B1B0-3AD5EA19F96F}.Debug|x64.ActiveCfg = Debug|x64
		{A1DDC1D0-44AB-41B6-B1B0-3AD5EA19F96F}.Debug|x64.Build.0 = Debug|x64
		{A1DDC1D0-44AB-41B6-B1B0-3AD5EA19F96F}.Debug|x86.ActiveCfg = Debug|Win32
		{A1DDC1D0-44AB-41B6-B1B0-3AD5EA19F96F}.Debug|x86.Build.0 = Debug|Win32
		{A1DDC1D0-44AB-41B6-B1B0-3AD5EA19F96F}.Release|x64.ActiveCfg = Release|x64
		{A1DDC1D0-44AB-41B6-B1B0-3AD5EA19F96F}.Release|x64.Build.0 = Release|x64
		{A1DDC1D0-44AB-41B6-B1B0-3AD5EA19F96F}.Release|x86.ActiveCfg = Release|Win32
		{A1DDC1D0-44AB-41B6-B1B0-3AD5EA19F96F}.Release|x86.Build.0 = Release|Win32
		{79EDCC9A-1A15-4431-A2A2-A34694ED05EF}.Debug|x64.ActiveCfg = Debug|x64
		{79EDCC9A-1A15-4431-A2A2-A34694ED05EF}.Debug|x64.Build.0 = Debug|x64
		{79EDCC9A-1A15-4431-A2A2-A34694ED05EF}.Debug|x86.ActiveCfg = Debug|Win32
		{79EDCC9A-1A15-4431-A2A2-A34694ED05EF}.Debug|x86.Build.0 = Debug|Win32
		{79EDCC9A-1A15-4431-A2A2-A34694ED05EF}.Release|x64.ActiveCfg = Release|x64
		{79EDCC9A-1A15-4431-A2A2-A34694ED05EF}.Release|x64.Build.0 = Release|x64
		{79EDCC9A-1A15-4431-A2A2-A34694ED05EF}.Release|x86.ActiveCfg = Release|Win32
		{79EDCC9A-1A15-4431-A2A2-A34694ED05EF}.Release|x86.Build.0 = Release|Win32
		{5893A001-E28C-40F2-A7C0-1FFC61ED4528}.Debug|x64.ActiveCfg = Debug|x64
		{5893A001-E28C-40F2-A7C0-1FFC61ED4528}.Debug|x64.Build.0 = Debug|x64
		{5893A001-E28C-40F2-A7C0-1FFC61ED4528}.Debug|x86.ActiveCfg = Debug|Win32
		{5893A001-E28C-40F2-A7C0-1FFC61ED4528}.Debug|x86.Build.0 = Debug|Win32
		{5893A001-E28C-40F2-A7C0-1FFC61ED4528}.Release|x64.ActiveCfg = Release|x64
		{5893A001-E28C-40F2-A7C0-1FFC61ED4528}.Release|x64.Build.0 = Release|x64
		{5893A001-E28C-40F2-A7C0-1FFC61ED4528}.Release|x86.ActiveCfg = Release|Win32
		{5893A001-E28C-40F2-A7C0-1FFC61ED4528}.Release|x86.Build.0 = Release|Win32
		{A7BAAC86-E0FE-4167-BE0A-2E15C008C13A}.Debug|x64.ActiveCfg = Debug|x64
		{A7BAAC86-E0FE-4167-BE0A-2E15C008C13A}.Debug|x64.Build.0 = Debug|x64
		{A7BAAC86-E0FE-4167-BE0A-2E15C008C13A}.Debug|x86.ActiveCfg = Debug|Win32
		{A7BAAC86-E0FE-4167-BE0A-2E15C008C13A}.Debug|x86.Build.0 = Debug|Win32
		{A7BAAC86-E0FE-4167-BE0A-2E15C008C13A}.Release|x64.ActiveCfg = Release|x64
		{A7BAAC86-E0FE-4167-BE0A-2E15C008C13A}.Release|x64.Build.0 = Release|x64
		{A7BAAC86-E0FE-4167-BE0A-2E15C008C13A}.Release|x86.ActiveCfg = Release|Win32
		{A7BAAC86-E0FE-4167-BE0A-2E15C008C13A}.Release|x86.Build.0 = Release|Win32
		{08737E7D-0D14-4342-8172-8082FC94BADF}.Debug|x64.ActiveCfg = Debug|x64
		{08737E7D-0D14-4342-8172-8082FC94BADF}.Debug|x64.Build.0 = Debug|x64
		{08737E7D-0D14-4342-8172-8082FC94BADF}.Debug|x86.ActiveCfg = Debug|Win32
		{08737E7D-0D14-4342-8172-8082FC94BADF}.Debug|x86.Build.0 = Debug|Win32
		{08737E7D-0D14-4342-8172-8082FC94BADF}.Release|x64.ActiveCfg = Release|x64
		{08737E7D-0D14-4342-8172-8082FC94BADF}.Release|x64.Build.0 = Release|x64
		{08737E7D-0D14-4342-8172-8082FC94BADF}.Release|x86.ActiveCfg = Release|Win32
		{08737E7D-0D14-4342-8172-8082FC94BADF}.Release|x86.Build.0 = Release|Win32
		{ABC393E6-6708-4E0E-A7E8-0926963F8970}.Debug|x64.ActiveCfg = Debug|x64
		{ABC393E6-6708-4E0E-A7E8-0926963F8970}.Debug|x64.Build.0 = Debug|x64
		{ABC393E6-6708-4E0E-A7E8-0926963F8970}.Debug|x86.ActiveCfg = Debug|Win32
		{ABC393E6-6708-4E0E-A7E8-0926963F8970}.Debug|x86.Build.0 = Debug|Win32
		{ABC393E6-6708-4E0E-A7E8-0926963F8970}.Release|x64.ActiveCfg = Release|x64
		{ABC393E6-6708-4E0E-A7E8-0926963F8970}.Release|x64.Build.0 = Release|x64
		{ABC393E6-6708-4E0E-A7E8-0926963F8970}.Release|x86.ActiveCfg = Release|Win32
		{ABC393E6-6708-4E0E-A7E8-0926963F8970}.Release|x86.Build.0 = Release|Win32
		{4E1C907C-7DCD-492D-A787-FF721510449A}.Debug|x64.ActiveCfg = Debug|x64
		{4E1C907C-7DCD-492D-A787-FF721510449A}.Debug|x64.Build.0 = Debug|x64
		{4E1C907C-7DCD-492D-A787-FF721510449A}.Debug|x86.ActiveCfg = Debug|Win32
		{4E1C907C-7DCD-492D-A787-FF721510449A}.Debug|x86.Build.0 = Debug|Win32
		{4E1C907C-7DCD-492D-A787-FF721510449A}.Release|x64.ActiveCfg = Release|x64
		{4E1C907C-7DCD-492D-A787-FF721510449A}.Release|x64.Build.0 = Release|x64
		{4E1C907C-7DCD-492D-A787-FF721510449A}.Release|x86.ActiveCfg = Release|Win32
		{4E1C907C-7DCD-492D-A787-FF721510449A}.Release|x86.Build.0 = Release|Win32
		{1F1C1FA2-D91B-4184-B036-FD5A88C3B96C}.Debug|x64.ActiveCfg = Debug|x64
		{1F1C1FA2-D91B-4184-B036-FD5A88C3B96C}.Debug|x64.Build.0 = Debug|x64
		{1F1C1FA2-D91B-4184-B036-FD5A88C3B96C}.Debug|x86.ActiveCfg = Debug|Win32
		{1F1C1FA2-D91B-4184-B036-FD5A88C3B96C}.Debug|x86.Build.0 = Debug|Win32
		{1F1C1FA2-D91B-4184-B036-FD5A88C3B96C}.Release|x64.ActiveCfg = Release|x64
		{1F1C1FA2-D91B-4184-B036-FD5A88C3B96C}.Release|x64.Build.0 = Release|x64
		{1F1C1FA2-D91B-4184-B036-FD5A88C3B96C}.Release|x86.ActiveCfg = Release|Win32
		{1F1C1FA2-D91B-4184-B036-FD5A88C3B96C}.Release|x86.Build.0 = Release|Win32
		{B6C7196C-FA85-4C9C-A8F5-CBD76ED6B18E}.Debug|x64.ActiveCfg = Debug|x64
		{B6C7196C-FA85-4C9C-A8F5-CBD76ED6B18E}.Debug|x64.Build.0 = Debug|x64
		{B6C7196C-FA85-4C9C-A8F5-CBD76ED6B18E}.Debug|x86.ActiveCfg = Debug|Win32
		{B6C7196C-FA85-4C9C-A8F5-CBD76ED6B18E}.Debug|x86.Build.0 = Debug|Win32
		{B6C7196C-FA85-4C9C-A8F5-CBD76ED6B18E}.Release|x64.ActiveCfg = Release|x64
		{B6C7196C-FA85-4C9C-A8F5-CBD76ED6B18E}.Release|x64.Build.0 = Release|x64
		{B6C7196C-FA85-4C9C-A8F5-CBD76ED6B18E}.Release|x86.ActiveCfg = Release|Win32
		{B6C7196C-FA85-4C9C-A8F5-CBD76ED6B18E}.Release|x86.Build.0 = Release|Win32
		{5B38F789-7ABF-4BBA-A41A-A4867F130005}.Debug|x64.ActiveCfg = Debug|x64
		{5B38F789-7ABF-4BBA-A41A-A4867F130005}.Debug|x64.Build.0 = Debug|x64
		{5B38F789-7ABF-4BBA-A41A-A4867F130005}.Debug|x86.ActiveCfg = Debug|Win32
		{5B38F789-7ABF-4BBA-A41A-A4867F130005}.Debug|x86.Build.0 = Debug|Win32
		{5B38F789-7ABF-4BBA-A41A-A4867F130005}.Release|x64.ActiveCfg = Release|x64
		{5B38F789-7ABF-4BBA-A41A-A4867F130005}.Release|x64.Build.0 = Release|x64
		{5B38F789-7ABF-4BBA-A41A-A4867F130005}.Release|x86.ActiveCfg = Release|Win32
		{5B38F789-7ABF-4BBA-A41A-A4867F130005}.Release|x86.Build.0 = Release|Win32
		{2422C6A0-70D6-4094-AFC4-55E681DC025E}.Debug|x64.ActiveCfg = Debug|x64
		{2422C6A0-70D6-4094-AFC4-55E681DC025E}.Debug|x64.Build.0 = Debug|x64
		{2422C6A0-70D6-4094-AFC4-55E681DC025E}.Debug|x86.ActiveCfg = Debug|Win32
		{2422C6A0-70D6-4094-AFC4-55E681DC025E}.Debug|x86.Build.0 = Debug|Win32
		{2422C6A0-70D6-4094-AFC4-55E681DC025E}.Release|x64.ActiveCfg = Release|x64
		{2422C6A0-70D6-4094-AFC4-55E681DC025E}.Release|x64.Build.0 = Release|x64
		{2422C6A0-70D6-4094-AFC4-55E681DC025E}.Release|x86.ActiveCfg = Release|Win32
		{2422C6A0-70D6-4094-AFC4-55E681DC025E}.Release|x86.Build.0 = Release|Win32
		{A98EB8C6-CD21-4B92-89FE-214F85D3BEFC}.Debug|x64.ActiveCfg = Debug|x64
		{A98EB8C6-CD21-4B92-89FE-214F85D3BEFC}.Debug|x64.Build.0 = Debug|x64
		{A98EB8C6-CD21-4B92-89FE-214F85D3BEFC}.Debug|x86.ActiveCfg = Debug|Win32
		{A98EB8C6-CD21-4B92-89FE-214F85D3BEFC}.Debug|x86.Build.0 = Debug|Win32
		{A98EB8C6-CD21-4B92-89FE-214F85D3BEFC}.Release|x64.ActiveCfg = Release|x64
		{A98EB8C6-CD21-4B92-89FE-214F85D3BEFC}.Release|x64.Build.0 = Release|x64
		{A98EB8C6-CD21-4B92-89FE-214F85D3BEFC}.Release|x86.ActiveCfg = Release|Win32
		{A98EB8C6-CD21-4B92-89FE-214F85D3BEFC}.Release|x86.Build.0 = Release|Win32
		{B9F74AC7-38B6-405D-A867-0D6F93E09FC6}.Debug|x64.ActiveCfg = Debug|x64
		{B9F74AC7-38B6-405D-A867-0D6F93E09FC6}.Debug|x64.Build.0 = Debug|x64
		{B9F74AC7-38B6-405D-A867-0D6F93E09FC6}.Debug|x86.ActiveCfg = Debug|Win32
		{B9F74AC7-38B6-405D-A867-0D6F93E09FC6}.Debug|x86.Build.0 = Debug|Win32
		{B9F74AC7-38B6-405D-A867-0D6F93E09FC6}.Release|x64.ActiveCfg = Release|x64
		{B9F74AC7-38B6-405D-A867-0D6F93E09FC6}.Release|x64.Build.0 = Release|x64
		{B9F74AC7-38B6-405D-A867-0D6F93E09FC6}.Release|x86.ActiveCfg = Release|Win32
		{B9F74AC7-38B6-405D-A867-0D6F93E09FC6}.Release|x86.Build.0 = Release|Win32
		{7D63F4C4-278E-473B-B875-53D220081C9F}.Debug|x64.ActiveCfg = Debug|x64
		{7D63F4C4-278E-473B-B875-53D220081C9F}.Debug|x64.Build.0 = Debug|x64
		{7D63F4C4-278E-473B-B875-53D220081C9F}.Debug|x86.ActiveCfg = Debug|Win32
		{7D63F4C4-278E-473B-B875-53D220081C9F}.Debug|x86.Build.0 = Debug|Win32
		{7D63F4C4-278E-473B-B875-53D220081C9F}.Release|x64.ActiveCfg = Release|x64
		{7D63F4C4-278E-473B-B875-53D220081C9F}.Release|x64.Build.0 = Release|x64
		{7D63F4C4-278E-473B-B875-53D220081C9F}.Release|x86.ActiveCfg = Release|Win32
		{7D63F4C4-278E-473B-B875-53D220081C9F}.Release|x86.Build.0 = Release|Win32
		{1587DBB0-782E-476B-8BBB-2D9B8CCF4C6F}.Debug|x64.ActiveCfg = Debug|x64
		{1587DBB0-782E-476B-8BBB-2D9B8CCF4C6F}.Debug|x64.Build.0 = Debug|x64
		{1587DBB0-782E-476B-8BBB-2D9B8CCF4C6F}.Debug|x86.ActiveCfg = Debug|Win32
		{1587DBB0-782E-476B-8BBB-2D9B8CCF4C6F}.Debug|x86.Build.0 = Debug|Win32
		{1587DBB0-782E-476B-8BBB-2D9B8CCF4C6F}.Release|x64.ActiveCfg = Release|x64
		{1587DBB0-782E-476B-8BBB-2D9B8CCF4C6F}.Release|x64.Build.0 = Release|x64
		{1587DBB0-782E-476B-8BBB-2D9B8CCF4C6F}.Release|x86.ActiveCfg = Release|Win32
		{1587DBB0-782E-476B-8BBB-2D9B8CCF4C6F}.Release|x86.Build.0 = Release|Win32
		{EE5E296C-9488-4FDE-A9DA-1F65F1A32BB8}.Debug|x64.ActiveCfg = Debug|x64
		{EE5E296C-9488-4FDE-A9DA-1F65F1A32BB8}.Debug|x64.Build.0 = Debug|x64
		{EE5E296C-9488-4FDE-A9DA-1F65F1A32BB8}.Debug|x86.ActiveCfg = Debug|Win32
		{EE5E296C-9488-4FDE-A9DA-1F65F1A32BB8}.Debug|x86.Build.0 = Debug|Win32
		{EE5E296C-9488-4FDE-A9DA-1F65F1A32BB8}.Release|x64.ActiveCfg = Release|x64
		{EE5E296C-9488-4FDE-A9DA-1F65F1A32BB8}.Release|x64.Build.0 = Release|x64
		{EE5E296C-9488-4FDE-A9DA-1F65F1A32BB8}.Release|x86.ActiveCfg = Release|Win32
		{EE5E296C-9488-4FDE-A9DA-1F65F1A32BB8}.Release|x86.Build.0 = Release|Win32
		{8C1651BC-AE5E-463A-8019-DA4DD1D76751}.Debug|x64.ActiveCfg = Debug|x64
		{8C1651BC-AE5E-463A-8019-DA4DD1D76751}.Debug|x64.Build.0 = Debug|x64
		{8C1651BC-AE5E-463A-8019-DA4DD1D76751}.Debug|x86.ActiveCfg = Debug|Win32
		{8C1651BC-AE5E-463A-8019-DA4DD1D76751}.Debug|x86.Build.0 = Debug|Win32
		{8C1651BC-AE5E-463A-8019-DA4DD1D76751}.Release|x64.ActiveCfg = Release|x64
		{8C1651BC-AE5E-463A-8019-DA4DD1D76751}.Release|x64.Build.0 = Release|x64
		{8C1651BC-AE5E-463A-8019-DA4DD1D76751}.Release|x86.ActiveCfg = Release|Win32
		{8C1651BC-AE5E-463A-8019-DA4DD1D76751}.Release|x86.Build.0 = Release|Win32
		{94AD967B-91D5-463A-8DFD-9E4B9DD35696}.Debug|x64.ActiveCfg = Debug|x64
		{94AD967B-91D5-463A-8DFD-9E4B9DD35696}.Debug|x64.Build.0 = Debug|x64
		{94AD967B-91D5-463A-8DFD-9E4B9DD35696}.Debug|x86.ActiveCfg = Debug|Win32
		{94AD967B-91D5-463A-8DFD-9E4B9DD35696}.Debug|x86.Build.0 = Debug|Win32
		{94AD967B-91D5-463A-8DFD-9E4B9DD35696}.Release|x64.ActiveCfg = Release|x64
		{94AD967B-91D5-463A-8DFD-9E4B9DD35696}.Release|x64.Build.0 = Release|x64
		{94AD967B-91D5-463A-8DFD-9E4B9DD35696}.Release|x86.ActiveCfg = Release|Win32
		{94AD967B-91D5-463A-8DFD-9E4B9DD35696}.Release|x86.Build.0 = Release|Win32
		{83B8743B-53E8-4145-8A0A-1601945FEB7A}.Debug|x64.ActiveCfg = Debug|x64
		{83B8743B-53E8-4145-8A0A-1601945FEB7A}.Debug|x64.Build.0 = Debug|x64
		{83B8743B-53E8-4145-8A0A-1601945FEB7A}.Debug|x86.ActiveCfg = Debug|Win32
		{83B8743B-53E8-4145-8A0A-1601945FEB7A}.Debug|x86.Build.0 = Debug|Win32
		{83B8743B-53E8-4145-8A0A-1601945FEB7A}.Release|x64.ActiveCfg = Release|x64
		{83B8743B-53E8-4145-8A0A-1601945FEB7A}.Release|x64.Build.0 = Release|x64
		{83B8743B-53E8-4145-8A0A-1601945FEB7A}.Release|x86.ActiveCfg = Release|Win32
		{83B8743B-53E8-4145-8A0A-1601945FEB7A}.Release|x86.Build.0 = Release|Win32
		{7687B63E-6882-4B16-8587-68A9AFB3647C}.Debug|x64.ActiveCfg = Debug|x64
		{7687B63E-6882-4B16-8587-68A9AFB3647C}.Debug|x64.Build.0 = Debug|x64
		{7687B63E-6882-4B16-8587-68A9AFB3647C}.Debug|x86.ActiveCfg = Debug|Win32
		{7687B63E-6882-4B16-8587-68A9AFB3647C}.Debug|x86.Build.0 = Debug|Win32
		{7687B63E-6882-4B16-8587-68A9AFB3647C}.Release|x64.ActiveCfg = Release|x64
		{7687B63E-6882-4B16-8587-68A9AFB3647C}.Release|x64.Build.0 = Release|x64
		{7687B63E-6882-4B16-8587-68A9AFB3647C}.Release|x86.ActiveCfg = Release|Win32
		{7687B63E-6882-4B16-8587-68A9AFB3647C}.Release|x86.Build.0 = Release|Win32
		{E9FCC65E-43DF-41F1-B0ED-0EBD8176FDAF}.Debug|x64.ActiveCfg = Debug|x64
		{E9FCC65E-43DF-41F1-B0ED-0EBD8176FDAF}.Debug|x64.Build.0 = Debug|x64
		{E9FCC65E-43DF-41F1-B0ED-0EBD8176FDAF}.Debug|x86.ActiveCfg = Debug|Win32
		{E9FCC65E-43DF-41F1-B0ED-0EBD8176FDAF}.Debug|x86.Build.0 = Debug|Win32
		{E9FCC65E-43DF-41F1-B0ED-0EBD8176FDAF}.Release|x64.ActiveCfg = Release|x64
		{E9FCC65E-43DF-41F1-B0ED-0EBD8176FDAF}.Release|x64.Build.0 = Release|x64
		{E9FCC65E-43DF-41F1-B0ED-0EBD8176FDAF}.Release|x86.ActiveCfg = Release|Win32
		{E9FCC65E-43DF-41F1-B0ED-0EBD8176FDAF}.Release|x86.Build.0 = Release|Win32
		{877CF8E3-883B-4044-9129-E004463E1997}.Debug|x64.ActiveCfg = Debug|x64
		{877CF8E3-883B-4044-9129-E004463E1997}.Debug|x64.Build.0 = Debug|x64
		{877CF8E3-883B-4044-9129-E004463E1997}.Debug|x86.ActiveCfg = Debug|Win32
		{877CF8E3-883B-4044-9129-E004463E1997}.Debug|x86.Build.0 = Debug|Win32
		{877CF8E3-883B-4044-9129-E004463E1997}.Release|x64.ActiveCfg = Release|x64
		{877CF8E3-883B-4044-9129-E004463E1997}.Release|x64.Build.0 = Release|x64
		{877CF8E3-883B-4044-9129-E004463E1997}.Release|x86.ActiveCfg = Release|Win32
		{877CF8E3-883B-4044-9129-E004463E1997}.Release|x86.Build.0 = Release|Win32
		{CB05859D-0D1C-4AE8-8E29-4B1319D54C15}.Debug|x64.ActiveCfg = Debug|x64
		{CB05859D-0D1C-4AE8-8E29-4B1319D54C15}.Debug|x64.Build.0 = Debug|x64
		{CB05859D-0D1C-4AE8-8E29-4B1319D54C15}.Debug|x86.ActiveCfg = Debug|Win32
		{CB05859D-0D1C-4AE8-8E29-4B1319D54C15}.Debug|x86.Build.0 = Debug|Win32
		{CB05859D-0D1C-4AE8-8E29-4B1319D54C15}.Release|x64.ActiveCfg = Release|x64
		{CB05859D-0D1C-4AE8-8E29-4B1319D54C15}.Release|x64.Build.0 = Release|x64
		{CB05859D-0D1C-4AE8-8E29-4B1319D54C15}.Release|x86.ActiveCfg = Release|Win32
		{CB05859D-0D1C-4AE8-8E29-4B1319D54C15}.Release|x86.Build.0 = Release|Win32
		{A4D49868-9882-4386-BADB-478C3061A9F6}.Debug|x64.ActiveCfg = Debug|x64
		{A4D49868-9882-4386-BADB-478C3061A9F6}.Debug|x64.Build.0 = Debug|x64
		{A4D49868-9882-4386-BADB-478C3061A9F6}.Debug|x86.ActiveCfg = Debug|Win32
		{A4D49868-9882-4386-BADB-478C3061A9F6}.Debug|x86.Build.0 = Debug|Win32
		{A4D49868-9882-4386-BADB-478C3061A9F6}.Release|x64.ActiveCfg = Release|x64
		{A4D49868-9882-4386-BADB-478C3061A9F6}.Release|x64.Build.0 = Release|x64
		{A4D49868-9882-4386-BADB-478C3061A9F6}.Release|x86.ActiveCfg = Release|Win32
		{A4D49868-9882-4386-BADB-478C3061A9F6}.Release|x86.Build.0 = Release|Win32
		{F49540FA-3CE3-4BF7-A9B1-15DE3B5E27B7}.Debug|x64.ActiveCfg = Debug|x64
		{F49540FA-3CE3-4BF7-A9B1-15DE3B5E27B7}.Debug|x64.Build.0 = Debug|x64
		{F49540FA-3CE3-4BF7-A9B1-15DE3B5E27B7}.Debug|x86.ActiveCfg = Debug|Win32
		{F49540FA-3CE3-4BF7-A9B1-15DE3B5E27B7}.Debug|x86.Build.0 = Debug|Win32
		{F49540FA-3CE3-4BF7-A9B1-15DE3B5E27B7}.Release|x64.ActiveCfg = Release|x64
		{F49540FA-3CE3-4BF7-A9B1-15DE3B5E27B7}.Release|x64.Build.0 = Release|x64
		{F49540FA-3CE3-4BF7-A9B1-15DE3B5E27B7}.Release|x86.ActiveCfg = Release|Win32
		{F49540FA-3CE3-4BF7-A9B1-15DE3B5E27B7}.Release|x86.Build.0 = Release|Win32
		{8088914A-27DE-42B0-BD49-D2BC680F2C81}.Debug|x64.ActiveCfg = Debug|x64
		{8088914A-27DE-42B0-BD49-D2BC680F2C81}.Debug|x64.Build.0 = Debug|x64
		{8088914A-27DE-42B0-BD49-D2BC680F2C81}.Debug|x86.ActiveCfg = Debug|Win32
		{8088914A-27DE-42B0-BD49-D2BC680F2C81}.Debug|x86.Build.0 = Debug|Win32
		{8088914A-27DE-42B0-BD49-D2BC680F2C81}.Release|x64.ActiveCfg = Release|x64
		{8088914A-27DE-42B0-BD49-D2BC680F2C81}.Release|x64.Build.0 = Release|x64
		{8088914A-27DE-42B0-BD49-D2BC680F2C81}.Release|x86.ActiveCfg = Release|Win32
		{8088914A-27DE-42B0-BD49-D2BC680F2C81}.Release|x86.Build.0 = Release|Win32
		{C9636317-E4DA-43AF-AEFD-A39B2BF7691F}.Debug|x64.ActiveCfg = Debug|x64
		{C9636317-E4DA-43AF-AEFD-A39B2BF7691F}.Debug|x64.Build.0 = Debug|x64
		{C9636317-E4DA-43AF-AEFD-A39B2BF7691F}.Debug|x86.ActiveCfg = Debug|Win32
		{C9636317-E4DA-43AF-AEFD-A39B2BF7691F}.Debug|x86.Build.0 = Debug|Win32
		{C9636317-E4DA-43AF-AEFD-A39B2BF7691F}.Release|x64.ActiveCfg = Release|x64
		{C9636317-E4DA-43AF-AEFD-A39B2BF7691F}.Release|x64.Build.0 = Release|x64
		{C9636317-E4DA-43AF-AEFD-A39B2BF7691F}.Release|x86.ActiveCfg = Release|Win32
		{C9636317-E4DA-43AF-AEFD-A39B2BF7691F}.Release|x86.Build.0 = Release|Win32
		{CEED58EF-7A9E-44C2-959B-CF5C8A35B7DD}.Debug|x64.ActiveCfg = Debug|x64
		{CEED58EF-7A9E-44C2-959B-CF5C8A35B7DD}.Debug|x64.Build.0 = Debug|x64
		{CEED58EF-7A9E-44C2-959B-CF5C8A35B7DD}.Debug|x86.ActiveCfg = Debug|Win32
		{CEED58EF-7A9E-44C2-959B-CF5C8A35B7DD}.Debug|x86.Build.0 = Debug|Win32
		{CEED58EF-7A9E-44C2-959B-CF5C8A35B7DD}.Release|x64.ActiveCfg = Release|x64
		{CEED58EF-7A9E-44C2-959B-CF5C8A35B7DD}.Release|x64.Build.0 = Release|x64
		{CEED58EF-7A9E-44C2-959B-CF5C8A35B7DD}.Release|x86.ActiveCfg = Release|Win32
		{CEED58EF-7A9E-44C2-959B-CF5C8A35B7DD}.Release|x86.Build.0 = Release|Win32
		{BE8DA307-3B2C-43D2-BC2A-8BDD711ADDF0}.Debug|x64.ActiveCfg = Debug|x64
		{BE8DA307-3B2C-43D2-BC2A-8BDD711ADDF0}.Debug|x64.Build.0 = Debug|x64
		{BE8DA307-3B2C-43D2-BC2A-8BDD711ADDF0}.Debug|x86.ActiveCfg = Debug|Win32
		{BE8DA307-3B2C-43D2-BC2A-8BDD711ADDF0}.Debug|x86.Build.0 = Debug|Win32
		{BE8DA307-3B2C-43D2-BC2A-8BDD711ADDF0}.Release|x64.ActiveCfg = Release|x64
		{BE8DA307-3B2C-43D2-BC2A-8BDD711ADDF0}.Release|x64.Build.0 = Release|x64
		{BE8DA307-3B2C-43D2-BC2A-8BDD711ADDF0}.Release|x86.ActiveCfg = Release|Win32
		{BE8DA307-3B2C-43D2-BC2A-8BDD711ADDF0}.Release|x86.Build.0 = Release|Win32
		{96A86BC9-6A15-4721-894E-B065EBFEACAD}.Debug|x64.ActiveCfg = Debug|x64
		{96A86BC9-6A15-4721-894E-B065EBFEACAD}.Debug|x64.Build.0 = Debug|x64
		{96A86BC9-6A15-4721-894E-B065EBFEACAD}.Debug|x86.ActiveCfg = Debug|Win32
		{96A86BC9-6A15-4721-894E-B065EBFEACAD}.Debug|x86.Build.0 = Debug|Win32
		{96A86BC9-6A15-4721-894E-B065EBFEACAD}.Release|x64.ActiveCfg = Release|x64
		{96A86BC9-6A15-4721-894E-B065EBFEACAD}.Release|x64.Build.0 = Release|x64
		{96A86BC9-6A15-4721-894E-B065EBFEACAD}.Release|x86.ActiveCfg = Release|Win32
		{96A86BC9-6A15-4721-894E-B065EBFEACAD}.Release|x86.Build.0 = Release|Win32
		{B0FB3D81-7427-46CC-BD96-628CFE3A8542}.Debug|x64.ActiveCfg = Debug|x64
		{B0FB3D81-7427-46CC-BD96-628CFE3A8542}.Debug|x64.Build.0 = Debug|x64
		{B0FB3D81-7427-46CC-BD96-628CFE3A8542}.Debug|x86.ActiveCfg = Debug|Win32
		{B0FB3D81-7427-46CC-BD96-628CFE3A8542}.Debug|x86.Build.0 = Debug|Win32
		{B0FB3D81-7427-46CC-BD96-628CFE3A8542}.Release|x64.ActiveCfg = Release|x64
		{B0FB3D81-7427-46CC-BD96-628CFE3A8542}.Release|x64.Build.0 = Release|x64
		{B0FB3D81-7427-46CC-BD96-628CFE3A8542}.Release|x86.ActiveCfg = Release|Win32
		{B0FB3D81-7427-46CC-BD96-628CFE3A8542}.Release|x86.Build.0 = Release|Win32
		{248715B5-B971-4AC0-B108-593437CFDFF2}.Debug|x64.ActiveCfg = Debug|x64
		{248715B5-B971-4AC0-B108-593437CFDFF2}.Debug|x64.Build.0 = Debug|x64
		{248715B5-B971-4AC0-B108-593437CFDFF2}.Debug|x86.ActiveCfg = Debug|Win32
		{248715B5-B971-4AC0-B108-593437CFDFF2}.Debug|x86.Build.0 = Debug|Win32
		{248715B5-B971-4AC0-B108-593437CFDFF2}.Release|x64.ActiveCfg = Release|x64
		{248715B5-B971-4AC0-B108-593437CFDFF2}.Release|x64.Build.0 = Release|x64
		{248715B5-B971-4AC0-B108-593437CFDFF2}.Release|x86.ActiveCfg = Release|Win32
		{248715B5-B971-4AC0-B108-593437CFDFF2}.Release|x86.Build.0 = Release|Win32
		{C5F1DC0B-A77D-46DF-AEE0-AE3E91212796}.Debug|x64.ActiveCfg = Debug|x64
		{C5F1DC0B-A77D-46DF-AEE0-AE3E91212796}.Debug|x64.Build.0 = Debug|x64
		{C5F1DC0B-A77D-46DF-AEE0-AE3E91212796}.Debug|x86.ActiveCfg = Debug|Win32
		{C5F1DC0B-A77D-46DF-AEE0-AE3E91212796}.Debug|x86.Build.0 = Debug|Win32
		{C5F1DC0B-A77D-46DF-AEE0-AE3E91212796}.Release|x64.ActiveCfg = Release|x64
		{C5F1DC0B-A77D-46DF-AEE0-AE3E91212796}.Release|x64.Build.0 = Release|x64
		{C5F1DC0B-A77D-46DF-AEE0-AE3E91212796}.Release|x86.ActiveCfg = Release|Win32
		{C5F1DC0B-A77D-46DF-AEE0-AE3E91212796}.Release|x86.Build.0 = Release|Win32
		{BFBB1465-7D30-4355-922B-FFE3459B8F3C}.Debug|x64.ActiveCfg = Debug|x64
		{BFBB1465-7D30-4355-922B-FFE3459B8F3C}.Debug|x64.Build.0 = Debug|x64
		{BFBB1465-7D30-4355-922B-FFE3459B8F3C}.Debug|x86.ActiveCfg = Debug|Win32
		{BFBB1465-7D30-4355-922B-FFE3459B8F3C}.Debug|x86.Build.0 = Debug|Win32
		{BFBB1465-7D30-4355-922B-FFE3459B8F3C}.Release|x64.ActiveCfg = Release|x64
		{BFBB1465-7D30-4355-922B-FFE3459B8F3C}.Release|x64.Build.0 = Release|x64
		{BFBB1465-7D30-4355-922B-FFE3459B8F3C}.Release|x86.ActiveCfg = Release|Win32
		{BFBB1465-7D30-4355-922B-FFE3459B8F3C}.Release|x86.Build.0 = Release|Win32
		{3A51AF27-BFFB-4932-A313-73B1CD789E4A}.Debug|x64.ActiveCfg = Debug|x64
		{3A51AF27-BFFB-4932-A313-73B1CD789E4A}.Debug|x64.Build.0 = Debug|x64
		{3A51AF27-BFFB-4932-A313-73B1CD789E4A}.Debug|x86.ActiveCfg = Debug|Win32
		{3A51AF27-BFFB-4932-A313-73B1CD789E4A}.Debug|x86.Build.0 = Debug|Win32
		{3A51AF27-BFFB-4932-A313-73B1CD789E4A}.Release|x64.ActiveCfg = Release|x64
		{3A51AF27-BFFB-4932-A313-73B1CD789E4A}.Release|x64.Build.0 = Release|x64
		{3A51AF27-BFFB-4932-A313-73B1CD789E4A}.Release|x86.ActiveCfg = Release|Win32
		{3A51AF27-BFFB-4932-A313-73B1CD789E4A}.Release|x86.Build.0 = Release|Win32
		{6A558BA0-5212-41F4-875D-5711185FC7B1}.Debug|x64.ActiveCfg = Debug|x64
		{6A558BA0-5212-41F4-875D-5711185FC7B1}.Debug|x64.Build.0 = Debug|x64
		{6A558BA0-5212-41F4-875D-5711185FC7B1}.Debug|x86.ActiveCfg = Debug|Win32
		{6A558BA0-5212-41F4-875D-5711185FC7B1}.Debug|x86.Build.0 = Debug|Win32
		{6A558BA0-5212-41F4-875D-5711185FC7B1}.Release|x64.ActiveCfg = Release|x64
		{6A558BA0-5212-41F4-875D-5711185FC7B1}.Release|x64.Build.0 = Release|x64
		{6A558BA0-5212-41F4-875D-5711185FC7B1}.Release|x86.ActiveCfg = Release|Win32
		{6A558BA0-5212-41F4-875D-5711185FC7B1}.Release|x86.Build.0 = Release|Win32
		{E1A787F9-FCD5-4C35-BFA9-8BC2DC4E508B}.Debug|x64.ActiveCfg = Debug|x64
		{E1A787F9-FCD5-4C35-BFA9-8BC2DC4E508B}.Debug|x64.Build.0 = Debug|x64
		{E1A787F9-FCD5-4C35-BFA9-8BC2DC4E508B}.Debug|x86.ActiveCfg = Debug|Win32
		{E1A787F9-FCD5-4C35-BFA9-8BC2DC4E508B}.Debug|x86.Build.0 = Debug|Win32
		{E1A787F9-FCD5-4C35-BFA9-8BC2DC4E508B}.Release|x64.ActiveCfg = Release|x64
		{E1A787F9-FCD5-4C35-BFA9-8BC2DC4E508B}.Release|x64.Build.0 = Release|x64
		{E1A787F9-FCD5-4C35-BFA9-8BC2DC4E508B}.Release|x86.ActiveCfg = Release|Win32
		{E1A787F9-FCD5-4C35-BFA9-8BC2DC4E508B}.Release|x86.Build.0 = Release|Win32
		{B561D831-99A5-4334-A8F6-F141FCEA8440}.Debug|x64.ActiveCfg = Debug|x64
		{B561D831-99A5-4334-A8F6-F141FCEA8440}.Debug|x64.Build.0 = Debug|x64
		{B561D831-99A5-4334-A8F6-F141FCEA8440}.Debug|x86.ActiveCfg = Debug|Win32
		{B561D831-99A5-4334-A8F6-F141FCEA8440}.Debug|x86.Build.0 = Debug|Win32
		{B561D831-99A5-4334-A8F6-F141FCEA8440}.Release|x64.ActiveCfg = Release|x64
		{B561D831-99A5-4334-A8F6-F141FCEA8440}.Release|x64.Build.0 = Release|x64
		{B561D831-99A5-4334-A8F6-F141FCEA8440}.Release|x86.ActiveCfg = Release|Win32
		{B561D831-99A5-4334-A8F6-F141FCEA8440}.Release|x86.Build.0 = Release|Win32
		{BC49D954-E513-429F-9BF6-45EB99FB9A1D}.Debug|x64.ActiveCfg = Debug|x64
		{BC49D954-E513-429F-9BF6-45EB99FB9A1D}.Debug|x64.Build.0 = Debug|x64
		{BC49D954-E513-429F-9BF6-45EB99FB9A1D}.Debug|x86.ActiveCfg = Debug|Win32
		{BC49D954-E513-429F-9BF6-45EB99FB9A1D}.Debug|x86.Build.0 = Debug|Win32
		{BC49D954-E513-429F-9BF6-45EB99FB9A1D}.Release|x64.ActiveCfg = Release|x64
		{BC49D954-E513-429F-9BF6-45EB99FB9A1D}.Release|x64.Build.0 = Release|x64
		{BC49D954-E513-429F-9BF6-45EB99FB9A1D}.Release|x86.ActiveCfg = Release|Win32
		{BC49D954-E513-429F-9BF6-45EB99FB9A1D}.Release|x86.Build.0 = Release|Win32
		{6AAE7088-9F88-454E-8542-491097E92D1F}.Debug|x64.ActiveCfg = Debug|x64
		{6AAE7088-9F88-454E-8542-491097E92D1F}.Debug|x64.Build.0 = Debug|x64
		{6AAE7088-9F88-454E-8542-491097E92D1F}.Debug|x86.ActiveCfg = Debug|Win32
		{6AAE7088-9F88-454E-8542-491097E92D1F}.Debug|x86.Build.0 = Debug|Win32
		{6AAE7088-9F88-454E-8542-491097E92D1F}.Release|x64.ActiveCfg = Release|x64
		{6AAE7088-9F88-454E-8542-491097E92D1F}.Release|x64.Build.0 = Release|x64
		{6AAE7088-9F88-454E-8542-491097E92D1F}.Release|x86.ActiveCfg = Release|Win32
		{6AAE7088-9F88-454E-8542-491097E92D1F}.Release|x86.Build.0 = Release|Win32
		{7924468F-DAAC-4121-B407-A9D32C58E751}.Debug|x64.ActiveCfg = Debug|x64
		{7924468F-DAAC-4121-B407-A9D32C58E751}.Debug|x64.Build.0 = Debug|x64
		{7924468F-DAAC-4121-B407-A9D32C58E751}.Debug|x86.ActiveCfg = Debug|Win32
		{7924468F-DAAC-4121-B407-A9D32C58E751}.Debug|x86.Build.0 = Debug|Win32
		{7924468F-DAAC-4121-B407-A9D32C58E751}.Release|x64.ActiveCfg = Release|x64
		{7924468F-DAAC-4121-B407-A9D32C58E751}.Release|x64.Build.0 = Release|x64
		{7924468F-DAAC-4121-B407-A9D32C58E751}.Release|x86.ActiveCfg = Release|Win32
		{7924468F-DAAC-4121-B407-A9D32C58E751}.Release|x86.Build.0 = Release|Win32
	EndGlobalSection
	GlobalSection(SolutionProperties) = preSolution
		HideSolutionNode = FALSE
	EndGlobalSection
	GlobalSection(NestedProjects) = preSolution
		{7AAA4E91-23D5-4621-92CD-B33FC85E7FBB} = {19AC7E61-50DA-4F31-A565-7010033F7165}
		{E34AA8F5-D308-4DC7-9CFF-A5E3B15847FB} = {19AC7E61-50DA-4F31-A565-7010033F7165}
		{D154D70D-1826-4836-B8FC-D018A9248B68} = {19AC7E61-50DA-4F31-A565-7010033F7165}
		{2F30B5A4-539C-42E9-B919-5F9679F1D341} = {19AC7E61-50DA-4F31-A565-7010033F7165}
		{819FC761-163D-4C08-8FD9-EA10ABC437E0} = {19AC7E61-50DA-4F31-A565-7010033F7165}
		{6EDF390E-6137-4464-A4C7-9A2A90BF0DF8} = {19AC7E61-50DA-4F31-A565-7010033F7165}
		{5F763D17-C8F4-4827-8C0E-C868B72E6CC1} = {19AC7E61-50DA-4F31-A565-7010033F7165}
		{084309CB-5FD9-4263-8B1C-B2F0D033B9DC} = {19AC7E61-50DA-4F31-A565-7010033F7165}
		{543A42CA-EFE4-4048-B0EB-857EE6530715} = {19AC7E61-50DA-4F31-A565-7010033F7165}
		{DC97AFCF-0B85-42E5-A905-BCB7160D4EA1} = {19AC7E61-50DA-4F31-A565-7010033F7165}
		{1BB3288B-4942-4C88-B2FF-45AD80990134} = {2C21133F-D48D-47A9-AB27-400168DE7B4E}
		{2528DB3C-A1A2-4558-977D-D113982A78DD} = {2C21133F-D48D-47A9-AB27-400168DE7B4E}
		{F43151B0-99A0-4CB2-B33B-93382285CEE1} = {2C21133F-D48D-47A9-AB27-400168DE7B4E}
		{BB3AAA36-AE9E-4E17-9181-773600CC40C8} = {2C21133F-D48D-47A9-AB27-400168DE7B4E}
		{F44FD683-9048-42F3-938F-2E87C6A903D3} = {2C21133F-D48D-47A9-AB27-400168DE7B4E}
		{1337AF68-89B8-4EA4-9B71-A5487EF33F06} = {2C21133F-D48D-47A9-AB27-400168DE7B4E}
		{9C71F67A-D724-492F-9173-CC847CE6EE99} = {2C21133F-D48D-47A9-AB27-400168DE7B4E}
		{1D2CE4A0-0571-4777-883A-0DC2AC373FD7} = {2C21133F-D48D-47A9-AB27-400168DE7B4E}
		{9F9B72CC-15E9-4A42-9877-572D6694F31B} = {2C21133F-D48D-47A9-AB27-400168DE7B4E}
		{8220B9A5-D08B-47DB-B9DB-EBD262E92511} = {2C21133F-D48D-47A9-AB27-400168DE7B4E}
		{AE953C98-57F4-4BA2-98A1-F6CFE64FD311} = {2C21133F-D48D-47A9-AB27-400168DE7B4E}
		{239858D9-59BE-4F87-BDD0-557F57FAA122} = {2C21133F-D48D-47A9-AB27-400168DE7B4E}
		{A1DDC1D0-44AB-41B6-B1B0-3AD5EA19F96F} = {2C21133F-D48D-47A9-AB27-400168DE7B4E}
		{79EDCC9A-1A15-4431-A2A2-A34694ED05EF} = {7F25D000-B4BC-473C-A04D-71F216889452}
		{5893A001-E28C-40F2-A7C0-1FFC61ED4528} = {7F25D000-B4BC-473C-A04D-71F216889452}
		{A7BAAC86-E0FE-4167-BE0A-2E15C008C13A} = {7F25D000-B4BC-473C-A04D-71F216889452}
		{08737E7D-0D14-4342-8172-8082FC94BADF} = {7F25D000-B4BC-473C-A04D-71F216889452}
		{ABC393E6-6708-4E0E-A7E8-0926963F8970} = {7F25D000-B4BC-473C-A04D-71F216889452}
		{4E1C907C-7DCD-492D-A787-FF721510449A} = {7F25D000-B4BC-473C-A04D-71F216889452}
		{1F1C1FA2-D91B-4184-B036-FD5A88C3B96C} = {7F25D000-B4BC-473C-A04D-71F216889452}
		{B6C7196C-FA85-4C9C-A8F5-CBD76ED6B18E} = {7F25D000-B4BC-473C-A04D-71F216889452}
		{5B38F789-7ABF-4BBA-A41A-A4867F130005} = {7F25D000-B4BC-473C-A04D-71F216889452}
		{2422C6A0-70D6-4094-AFC4-55E681DC025E} = {D085D7B0-E131-4B8F-BA76-1A36DA20BB1B}
		{A98EB8C6-CD21-4B92-89FE-214F85D3BEFC} = {9D2FA857-CBF6-4F38-A3E1-6D4E1633C636}
		{B9F74AC7-38B6-405D-A867-0D6F93E09FC6} = {D085D7B0-E131-4B8F-BA76-1A36DA20BB1B}
		{7D63F4C4-278E-473B-B875-53D220081C9F} = {D085D7B0-E131-4B8F-BA76-1A36DA20BB1B}
		{1587DBB0-782E-476B-8BBB-2D9B8CCF4C6F} = {D085D7B0-E131-4B8F-BA76-1A36DA20BB1B}
		{EE5E296C-9488-4FDE-A9DA-1F65F1A32BB8} = {D085D7B0-E131-4B8F-BA76-1A36DA20BB1B}
		{8C1651BC-AE5E-463A-8019-DA4DD1D76751} = {D085D7B0-E131-4B8F-BA76-1A36DA20BB1B}
		{94AD967B-91D5-463A-8DFD-9E4B9DD35696} = {D085D7B0-E131-4B8F-BA76-1A36DA20BB1B}
		{83B8743B-53E8-4145-8A0A-1601945FEB7A} = {D085D7B0-E131-4B8F-BA76-1A36DA20BB1B}
		{7687B63E-6882-4B16-8587-68A9AFB3647C} = {29EDBF1D-333C-4D6D-A32B-0D91E5688B05}
		{E9FCC65E-43DF-41F1-B0ED-0EBD8176FDAF} = {29EDBF1D-333C-4D6D-A32B-0D91E5688B05}
		{877CF8E3-883B-4044-9129-E004463E1997} = {29EDBF1D-333C-4D6D-A32B-0D91E5688B05}
		{CB05859D-0D1C-4AE8-8E29-4B1319D54C15} = {29EDBF1D-333C-4D6D-A32B-0D91E5688B05}
		{A4D49868-9882-4386-BADB-478C3061A9F6} = {29EDBF1D-333C-4D6D-A32B-0D91E5688B05}
		{F49540FA-3CE3-4BF7-A9B1-15DE3B5E27B7} = {29EDBF1D-333C-4D6D-A32B-0D91E5688B05}
		{8088914A-27DE-42B0-BD49-D2BC680F2C81} = {29EDBF1D-333C-4D6D-A32B-0D91E5688B05}
		{C9636317-E4DA-43AF-AEFD-A39B2BF7691F} = {29EDBF1D-333C-4D6D-A32B-0D91E5688B05}
		{CEED58EF-7A9E-44C2-959B-CF5C8A35B7DD} = {29EDBF1D-333C-4D6D-A32B-0D91E5688B05}
		{BE8DA307-3B2C-43D2-BC2A-8BDD711ADDF0} = {29EDBF1D-333C-4D6D-A32B-0D91E5688B05}
		{96A86BC9-6A15-4721-894E-B065EBFEACAD} = {29EDBF1D-333C-4D6D-A32B-0D91E5688B05}
		{B0FB3D81-7427-46CC-BD96-628CFE3A8542} = {29EDBF1D-333C-4D6D-A32B-0D91E5688B05}
		{248715B5-B971-4AC0-B108-593437CFDFF2} = {79A918CE-4FD6-47D1-AE72-401A37905E19}
		{C5F1DC0B-A77D-46DF-AEE0-AE3E91212796} = {9D2FA857-CBF6-4F38-A3E1-6D4E1633C636}
		{BFBB1465-7D30-4355-922B-FFE3459B8F3C} = {9D2FA857-CBF6-4F38-A3E1-6D4E1633C636}
		{3A51AF27-BFFB-4932-A313-73B1CD789E4A} = {9D2FA857-CBF6-4F38-A3E1-6D4E1633C636}
		{6A558BA0-5212-41F4-875D-5711185FC7B1} = {9D2FA857-CBF6-4F38-A3E1-6D4E1633C636}
		{E1A787F9-FCD5-4C35-BFA9-8BC2DC4E508B} = {9D2FA857-CBF6-4F38-A3E1-6D4E1633C636}
		{B561D831-99A5-4334-A8F6-F141FCEA8440} = {9D2FA857-CBF6-4F38-A3E1-6D4E1633C636}
		{BC49D954-E513-429F-9BF6-45EB99FB9A1D} = {9D2FA857-CBF6-4F38-A3E1-6D4E1633C636}
		{6AAE7088-9F88-454E-8542-491097E92D1F} = {9D2FA857-CBF6-4F38-A3E1-6D4E1633C636}
		{7924468F-DAAC-4121-B407-A9D32C58E751} = {9D2FA857-CBF6-4F38-A3E1-6D4E1633C636}
	EndGlobalSection
	GlobalSection(ExtensibilityGlobals) = postSolution
		SolutionGuid = {421725A6-7DE7-4417-9595-01816C898F5B}
	EndGlobalSection
EndGlobal
